
Microsoft Visual Studio Solution File, Format Version 12.00
# Visual Studio 15
VisualStudioVersion = 15.0.28307.572
MinimumVisualStudioVersion = 10.0.40219.1
Project("{8BC9CEB8-8B4A-11D0-8D11-00A0C91BC942}") = "ex2_LiuZhendong", "ex2_LiuZhendong\ex2_LiuZhendong.vcxproj", "{D71FE479-489E-41AF-9A7C-AFBD8EFA96F6}"
EndProject
Global
	GlobalSection(SolutionConfigurationPlatforms) = preSolution
		Debug|x64 = Debug|x64
		Debug|x86 = Debug|x86
		Release|x64 = Release|x64
		Release|x86 = Release|x86
	EndGlobalSection
	GlobalSection(ProjectConfigurationPlatforms) = postSolution
		{D71FE479-489E-41AF-9A7C-AFBD8EFA96F6}.Debug|x64.ActiveCfg = Debug|x64
		{D71FE479-489E-41AF-9A7C-AFBD8EFA96F6}.Debug|x64.Build.0 = Debug|x64
		{D71FE479-489E-41AF-9A7C-AFBD8EFA96F6}.Debug|x86.ActiveCfg = Debug|Win32
		{D71FE479-489E-41AF-9A7C-AFBD8EFA96F6}.Debug|x86.Build.0 = Debug|Win32
		{D71FE479-489E-41AF-9A7C-AFBD8EFA96F6}.Release|x64.ActiveCfg = Release|x64
		{D71FE479-489E-41AF-9A7C-AFBD8EFA96F6}.Release|x64.Build.0 = Release|x64
		{D71FE479-489E-41AF-9A7C-AFBD8EFA96F6}.Release|x86.ActiveCfg = Release|Win32
		{D71FE479-489E-41AF-9A7C-AFBD8EFA96F6}.Release|x86.Build.0 = Release|Win32
	EndGlobalSection
	GlobalSection(SolutionProperties) = preSolution
		HideSolutionNode = FALSE
	EndGlobalSection
	GlobalSection(ExtensibilityGlobals) = postSolution
		SolutionGuid = {44017885-11B2-454B-9732-CC4F3180F656}
	EndGlobalSection
EndGlobal
