
Microsoft Visual Studio Solution File, Format Version 12.00
# Visual Studio 15
VisualStudioVersion = 15.0.28307.106
MinimumVisualStudioVersion = 10.0.40219.1
Project("{8BC9CEB8-8B4A-11D0-8D11-00A0C91BC942}") = "LinkList", "LinkList\LinkList.vcxproj", "{74F1440E-3254-4D60-BC44-0554EEAE5B62}"
EndProject
Global
	GlobalSection(SolutionConfigurationPlatforms) = preSolution
		Debug|x64 = Debug|x64
		Debug|x86 = Debug|x86
		Release|x64 = Release|x64
		Release|x86 = Release|x86
	EndGlobalSection
	GlobalSection(ProjectConfigurationPlatforms) = postSolution
		{74F1440E-3254-4D60-BC44-0554EEAE5B62}.Debug|x64.ActiveCfg = Debug|x64
		{74F1440E-3254-4D60-BC44-0554EEAE5B62}.Debug|x64.Build.0 = Debug|x64
		{74F1440E-3254-4D60-BC44-0554EEAE5B62}.Debug|x86.ActiveCfg = Debug|Win32
		{74F1440E-3254-4D60-BC44-0554EEAE5B62}.Debug|x86.Build.0 = Debug|Win32
		{74F1440E-3254-4D60-BC44-0554EEAE5B62}.Release|x64.ActiveCfg = Release|x64
		{74F1440E-3254-4D60-BC44-0554EEAE5B62}.Release|x64.Build.0 = Release|x64
		{74F1440E-3254-4D60-BC44-0554EEAE5B62}.Release|x86.ActiveCfg = Release|Win32
		{74F1440E-3254-4D60-BC44-0554EEAE5B62}.Release|x86.Build.0 = Release|Win32
	EndGlobalSection
	GlobalSection(SolutionProperties) = preSolution
		HideSolutionNode = FALSE
	EndGlobalSection
	GlobalSection(ExtensibilityGlobals) = postSolution
		SolutionGuid = {DF4DEB72-9888-41F7-9E61-4928E303F18A}
	EndGlobalSection
EndGlobal
